
Microsoft Visual Studio Solution File, Format Version 12.00
# Visual Studio Version 17
VisualStudioVersion = 17.4.33205.214
MinimumVisualStudioVersion = 10.0.40219.1
Project("{2150E333-8FDC-42A3-9474-1A3956D46DE8}") = "Services", "Services", "{957440A3-4E83-4E52-8206-BA0EF47AAF5B}"
EndProject
Project("{2150E333-8FDC-42A3-9474-1A3956D46DE8}") = "Catalog", "Catalog", "{82733CE6-2A23-44D0-9D3C-655F47C6E19B}"
EndProject
Project("{9A19103F-16F7-4668-BE54-9A1E7A4F7556}") = "Catalog.API", "Services\Catalog\Catalog.API\Catalog.API.csproj", "{B0247270-A4AF-4DE6-A9CC-AE043E20B912}"
EndProject
Project("{E53339B2-1760-4266-BCC7-CA923CBCF16C}") = "docker-compose", "docker-compose.dcproj", "{B3A856B5-3D06-4D4B-AC84-0732D2032496}"
EndProject
Project("{2150E333-8FDC-42A3-9474-1A3956D46DE8}") = "Basket", "Basket", "{CD8E6193-1BD0-4B3E-ADDE-721B94E6B665}"
EndProject
Project("{9A19103F-16F7-4668-BE54-9A1E7A4F7556}") = "Basket.API", "Services\Basket\Basket.API\Basket.API.csproj", "{E958B7A2-1EE7-43D1-ACA8-3369C10850EC}"
EndProject
Project("{2150E333-8FDC-42A3-9474-1A3956D46DE8}") = "Discount", "Discount", "{C5923DF2-43DA-408C-B03B-90384BC16E1E}"
EndProject
Project("{9A19103F-16F7-4668-BE54-9A1E7A4F7556}") = "Discount.API", "Services\Discount\Discount.API\Discount.API.csproj", "{8B2F4659-639F-4E0D-8570-5B0D37E15235}"
EndProject
Project("{9A19103F-16F7-4668-BE54-9A1E7A4F7556}") = "Discount.Grpc", "Services\Discount\Discount.Grpc\Discount.Grpc.csproj", "{A27D45F1-0EA8-465B-B7D4-D613B9F16495}"
EndProject
Project("{2150E333-8FDC-42A3-9474-1A3956D46DE8}") = "Ordering", "Ordering", "{5ABC0A33-7085-4A60-B3FB-1A2699708705}"
EndProject
Project("{9A19103F-16F7-4668-BE54-9A1E7A4F7556}") = "Ordering.API", "Services\Ordering\Ordering.API\Ordering.API.csproj", "{CFA751D9-F395-4EF6-820F-237D16F0EF85}"
EndProject
Project("{9A19103F-16F7-4668-BE54-9A1E7A4F7556}") = "Ordering.Domain", "Services\Ordering\Ordering.Domain\Ordering.Domain.csproj", "{F17C43B2-D6E1-431C-8C76-A878C11CF224}"
EndProject
Project("{9A19103F-16F7-4668-BE54-9A1E7A4F7556}") = "Ordering.Application", "Services\Ordering\Ordering.Application\Ordering.Application.csproj", "{00668423-30A8-4916-B760-2825532213D5}"
EndProject
Project("{9A19103F-16F7-4668-BE54-9A1E7A4F7556}") = "Ordering.Infrastructure", "Services\Ordering\Ordering.Infrastructure\Ordering.Infrastructure.csproj", "{4E03FFDC-7D78-4FD7-AB8E-887D8836F468}"
EndProject
Project("{2150E333-8FDC-42A3-9474-1A3956D46DE8}") = "BuildingBlocks", "BuildingBlocks", "{566E2617-9A74-488A-8D89-B25A52FE6C69}"
EndProject
Project("{FAE04EC0-301F-11D3-BF4B-00C04F79EFBC}") = "EventBus.Messages", "BuildingBlocks\EventBus.Messages\EventBus.Messages.csproj", "{8333B84B-8E69-431B-8E07-F89C215A65C2}"
EndProject
Global
	GlobalSection(SolutionConfigurationPlatforms) = preSolution
		Debug|Any CPU = Debug|Any CPU
		Release|Any CPU = Release|Any CPU
	EndGlobalSection
	GlobalSection(ProjectConfigurationPlatforms) = postSolution
		{B0247270-A4AF-4DE6-A9CC-AE043E20B912}.Debug|Any CPU.ActiveCfg = Debug|Any CPU
		{B0247270-A4AF-4DE6-A9CC-AE043E20B912}.Debug|Any CPU.Build.0 = Debug|Any CPU
		{B0247270-A4AF-4DE6-A9CC-AE043E20B912}.Release|Any CPU.ActiveCfg = Release|Any CPU
		{B0247270-A4AF-4DE6-A9CC-AE043E20B912}.Release|Any CPU.Build.0 = Release|Any CPU
		{B3A856B5-3D06-4D4B-AC84-0732D2032496}.Debug|Any CPU.ActiveCfg = Debug|Any CPU
		{B3A856B5-3D06-4D4B-AC84-0732D2032496}.Debug|Any CPU.Build.0 = Debug|Any CPU
		{B3A856B5-3D06-4D4B-AC84-0732D2032496}.Release|Any CPU.ActiveCfg = Release|Any CPU
		{B3A856B5-3D06-4D4B-AC84-0732D2032496}.Release|Any CPU.Build.0 = Release|Any CPU
		{E958B7A2-1EE7-43D1-ACA8-3369C10850EC}.Debug|Any CPU.ActiveCfg = Debug|Any CPU
		{E958B7A2-1EE7-43D1-ACA8-3369C10850EC}.Debug|Any CPU.Build.0 = Debug|Any CPU
		{E958B7A2-1EE7-43D1-ACA8-3369C10850EC}.Release|Any CPU.ActiveCfg = Release|Any CPU
		{E958B7A2-1EE7-43D1-ACA8-3369C10850EC}.Release|Any CPU.Build.0 = Release|Any CPU
		{8B2F4659-639F-4E0D-8570-5B0D37E15235}.Debug|Any CPU.ActiveCfg = Debug|Any CPU
		{8B2F4659-639F-4E0D-8570-5B0D37E15235}.Debug|Any CPU.Build.0 = Debug|Any CPU
		{8B2F4659-639F-4E0D-8570-5B0D37E15235}.Release|Any CPU.ActiveCfg = Release|Any CPU
		{8B2F4659-639F-4E0D-8570-5B0D37E15235}.Release|Any CPU.Build.0 = Release|Any CPU
		{A27D45F1-0EA8-465B-B7D4-D613B9F16495}.Debug|Any CPU.ActiveCfg = Debug|Any CPU
		{A27D45F1-0EA8-465B-B7D4-D613B9F16495}.Debug|Any CPU.Build.0 = Debug|Any CPU
		{A27D45F1-0EA8-465B-B7D4-D613B9F16495}.Release|Any CPU.ActiveCfg = Release|Any CPU
		{A27D45F1-0EA8-465B-B7D4-D613B9F16495}.Release|Any CPU.Build.0 = Release|Any CPU
		{CFA751D9-F395-4EF6-820F-237D16F0EF85}.Debug|Any CPU.ActiveCfg = Debug|Any CPU
		{CFA751D9-F395-4EF6-820F-237D16F0EF85}.Debug|Any CPU.Build.0 = Debug|Any CPU
		{CFA751D9-F395-4EF6-820F-237D16F0EF85}.Release|Any CPU.ActiveCfg = Release|Any CPU
		{CFA751D9-F395-4EF6-820F-237D16F0EF85}.Release|Any CPU.Build.0 = Release|Any CPU
		{F17C43B2-D6E1-431C-8C76-A878C11CF224}.Debug|Any CPU.ActiveCfg = Debug|Any CPU
		{F17C43B2-D6E1-431C-8C76-A878C11CF224}.Debug|Any CPU.Build.0 = Debug|Any CPU
		{F17C43B2-D6E1-431C-8C76-A878C11CF224}.Release|Any CPU.ActiveCfg = Release|Any CPU
		{F17C43B2-D6E1-431C-8C76-A878C11CF224}.Release|Any CPU.Build.0 = Release|Any CPU
		{00668423-30A8-4916-B760-2825532213D5}.Debug|Any CPU.ActiveCfg = Debug|Any CPU
		{00668423-30A8-4916-B760-2825532213D5}.Debug|Any CPU.Build.0 = Debug|Any CPU
		{00668423-30A8-4916-B760-2825532213D5}.Release|Any CPU.ActiveCfg = Release|Any CPU
		{00668423-30A8-4916-B760-2825532213D5}.Release|Any CPU.Build.0 = Release|Any CPU
		{4E03FFDC-7D78-4FD7-AB8E-887D8836F468}.Debug|Any CPU.ActiveCfg = Debug|Any CPU
		{4E03FFDC-7D78-4FD7-AB8E-887D8836F468}.Debug|Any CPU.Build.0 = Debug|Any CPU
		{4E03FFDC-7D78-4FD7-AB8E-887D8836F468}.Release|Any CPU.ActiveCfg = Release|Any CPU
		{4E03FFDC-7D78-4FD7-AB8E-887D8836F468}.Release|Any CPU.Build.0 = Release|Any CPU
		{8333B84B-8E69-431B-8E07-F89C215A65C2}.Debug|Any CPU.ActiveCfg = Debug|Any CPU
		{8333B84B-8E69-431B-8E07-F89C215A65C2}.Debug|Any CPU.Build.0 = Debug|Any CPU
		{8333B84B-8E69-431B-8E07-F89C215A65C2}.Release|Any CPU.ActiveCfg = Release|Any CPU
		{8333B84B-8E69-431B-8E07-F89C215A65C2}.Release|Any CPU.Build.0 = Release|Any CPU
	EndGlobalSection
	GlobalSection(SolutionProperties) = preSolution
		HideSolutionNode = FALSE
	EndGlobalSection
	GlobalSection(NestedProjects) = preSolution
		{82733CE6-2A23-44D0-9D3C-655F47C6E19B} = {957440A3-4E83-4E52-8206-BA0EF47AAF5B}
		{B0247270-A4AF-4DE6-A9CC-AE043E20B912} = {82733CE6-2A23-44D0-9D3C-655F47C6E19B}
		{CD8E6193-1BD0-4B3E-ADDE-721B94E6B665} = {957440A3-4E83-4E52-8206-BA0EF47AAF5B}
		{E958B7A2-1EE7-43D1-ACA8-3369C10850EC} = {CD8E6193-1BD0-4B3E-ADDE-721B94E6B665}
		{C5923DF2-43DA-408C-B03B-90384BC16E1E} = {957440A3-4E83-4E52-8206-BA0EF47AAF5B}
		{8B2F4659-639F-4E0D-8570-5B0D37E15235} = {C5923DF2-43DA-408C-B03B-90384BC16E1E}
		{A27D45F1-0EA8-465B-B7D4-D613B9F16495} = {C5923DF2-43DA-408C-B03B-90384BC16E1E}
		{5ABC0A33-7085-4A60-B3FB-1A2699708705} = {957440A3-4E83-4E52-8206-BA0EF47AAF5B}
		{CFA751D9-F395-4EF6-820F-237D16F0EF85} = {5ABC0A33-7085-4A60-B3FB-1A2699708705}
		{F17C43B2-D6E1-431C-8C76-A878C11CF224} = {5ABC0A33-7085-4A60-B3FB-1A2699708705}
		{00668423-30A8-4916-B760-2825532213D5} = {5ABC0A33-7085-4A60-B3FB-1A2699708705}
		{4E03FFDC-7D78-4FD7-AB8E-887D8836F468} = {5ABC0A33-7085-4A60-B3FB-1A2699708705}
		{8333B84B-8E69-431B-8E07-F89C215A65C2} = {566E2617-9A74-488A-8D89-B25A52FE6C69}
	EndGlobalSection
	GlobalSection(ExtensibilityGlobals) = postSolution
		SolutionGuid = {008902FA-546B-4706-AE33-E8849E742C62}
	EndGlobalSection
EndGlobal
